// !$*UTF8*$!
{
	archiveVersion = 1;
	classes = {
	};
	objectVersion = 56;
	objects = {

/* Begin PBXBuildFile section */
		A875C28B2C915DA500600506 /* AppDelegate.swift in Sources */ = {isa = PBXBuildFile; fileRef = A875C28A2C915DA500600506 /* AppDelegate.swift */; };
		A875C28D2C915DA500600506 /* SceneDelegate.swift in Sources */ = {isa = PBXBuildFile; fileRef = A875C28C2C915DA500600506 /* SceneDelegate.swift */; };
		A875C2922C915DA500600506 /* Base in Resources */ = {isa = PBXBuildFile; fileRef = A875C2912C915DA500600506 /* Base */; };
		A875C2942C915DA800600506 /* Assets.xcassets in Resources */ = {isa = PBXBuildFile; fileRef = A875C2932C915DA800600506 /* Assets.xcassets */; };
		A875C2972C915DA800600506 /* Base in Resources */ = {isa = PBXBuildFile; fileRef = A875C2962C915DA800600506 /* Base */; };
		A875C2AE2C919E5300600506 /* MediaItem.swift in Sources */ = {isa = PBXBuildFile; fileRef = A875C2AD2C919E5300600506 /* MediaItem.swift */; };
		A875C2B02C919E6900600506 /* User.swift in Sources */ = {isa = PBXBuildFile; fileRef = A875C2AF2C919E6900600506 /* User.swift */; };
		A875C2B22C919E7900600506 /* URLs.swift in Sources */ = {isa = PBXBuildFile; fileRef = A875C2B12C919E7900600506 /* URLs.swift */; };
		A875C2B52C919E9700600506 /* DetailViewModel.swift in Sources */ = {isa = PBXBuildFile; fileRef = A875C2B42C919E9700600506 /* DetailViewModel.swift */; };
		A875C2B82C919EB800600506 /* DetailViewController.swift in Sources */ = {isa = PBXBuildFile; fileRef = A875C2B72C919EB800600506 /* DetailViewController.swift */; };
		A875C2BA2C919EDC00600506 /* SearchViewController.swift in Sources */ = {isa = PBXBuildFile; fileRef = A875C2B92C919EDC00600506 /* SearchViewController.swift */; };
		A875C2BC2C919EF900600506 /* PhotoCell.swift in Sources */ = {isa = PBXBuildFile; fileRef = A875C2BB2C919EF900600506 /* PhotoCell.swift */; };
		A875C2BE2C919F2A00600506 /* SearchResultCell.swift in Sources */ = {isa = PBXBuildFile; fileRef = A875C2BD2C919F2A00600506 /* SearchResultCell.swift */; };
		A875C2C12C919F5A00600506 /* NetworkManager.swift in Sources */ = {isa = PBXBuildFile; fileRef = A875C2C02C919F5A00600506 /* NetworkManager.swift */; };
		A875C2C62C919F9100600506 /* Extensions.swift in Sources */ = {isa = PBXBuildFile; fileRef = A875C2C52C919F9100600506 /* Extensions.swift */; };
/* End PBXBuildFile section */

/* Begin PBXFileReference section */
		A875C2872C915DA500600506 /* Researcher.app */ = {isa = PBXFileReference; explicitFileType = wrapper.application; includeInIndex = 0; path = Researcher.app; sourceTree = BUILT_PRODUCTS_DIR; };
		A875C28A2C915DA500600506 /* AppDelegate.swift */ = {isa = PBXFileReference; lastKnownFileType = sourcecode.swift; path = AppDelegate.swift; sourceTree = "<group>"; };
		A875C28C2C915DA500600506 /* SceneDelegate.swift */ = {isa = PBXFileReference; lastKnownFileType = sourcecode.swift; path = SceneDelegate.swift; sourceTree = "<group>"; };
		A875C2912C915DA500600506 /* Base */ = {isa = PBXFileReference; lastKnownFileType = file.storyboard; name = Base; path = Base.lproj/Main.storyboard; sourceTree = "<group>"; };
		A875C2932C915DA800600506 /* Assets.xcassets */ = {isa = PBXFileReference; lastKnownFileType = folder.assetcatalog; path = Assets.xcassets; sourceTree = "<group>"; };
		A875C2962C915DA800600506 /* Base */ = {isa = PBXFileReference; lastKnownFileType = file.storyboard; name = Base; path = Base.lproj/LaunchScreen.storyboard; sourceTree = "<group>"; };
		A875C2982C915DA800600506 /* Info.plist */ = {isa = PBXFileReference; lastKnownFileType = text.plist.xml; path = Info.plist; sourceTree = "<group>"; };
		A875C2AD2C919E5300600506 /* MediaItem.swift */ = {isa = PBXFileReference; lastKnownFileType = sourcecode.swift; path = MediaItem.swift; sourceTree = "<group>"; };
		A875C2AF2C919E6900600506 /* User.swift */ = {isa = PBXFileReference; lastKnownFileType = sourcecode.swift; path = User.swift; sourceTree = "<group>"; };
		A875C2B12C919E7900600506 /* URLs.swift */ = {isa = PBXFileReference; lastKnownFileType = sourcecode.swift; path = URLs.swift; sourceTree = "<group>"; };
		A875C2B42C919E9700600506 /* DetailViewModel.swift */ = {isa = PBXFileReference; lastKnownFileType = sourcecode.swift; path = DetailViewModel.swift; sourceTree = "<group>"; };
		A875C2B72C919EB800600506 /* DetailViewController.swift */ = {isa = PBXFileReference; lastKnownFileType = sourcecode.swift; path = DetailViewController.swift; sourceTree = "<group>"; };
		A875C2B92C919EDC00600506 /* SearchViewController.swift */ = {isa = PBXFileReference; lastKnownFileType = sourcecode.swift; path = SearchViewController.swift; sourceTree = "<group>"; };
		A875C2BB2C919EF900600506 /* PhotoCell.swift */ = {isa = PBXFileReference; lastKnownFileType = sourcecode.swift; path = PhotoCell.swift; sourceTree = "<group>"; };
		A875C2BD2C919F2A00600506 /* SearchResultCell.swift */ = {isa = PBXFileReference; lastKnownFileType = sourcecode.swift; path = SearchResultCell.swift; sourceTree = "<group>"; };
		A875C2C02C919F5A00600506 /* NetworkManager.swift */ = {isa = PBXFileReference; lastKnownFileType = sourcecode.swift; path = NetworkManager.swift; sourceTree = "<group>"; };
		A875C2C52C919F9100600506 /* Extensions.swift */ = {isa = PBXFileReference; lastKnownFileType = sourcecode.swift; path = Extensions.swift; sourceTree = "<group>"; };
/* End PBXFileReference section */

/* Begin PBXFrameworksBuildPhase section */
		A875C2842C915DA500600506 /* Frameworks */ = {
			isa = PBXFrameworksBuildPhase;
			buildActionMask = 2147483647;
			files = (
			);
			runOnlyForDeploymentPostprocessing = 0;
		};
/* End PBXFrameworksBuildPhase section */

/* Begin PBXGroup section */
		A875C27E2C915DA500600506 = {
			isa = PBXGroup;
			children = (
				A875C2892C915DA500600506 /* Researcher */,
				A875C2882C915DA500600506 /* Products */,
			);
			sourceTree = "<group>";
		};
		A875C2882C915DA500600506 /* Products */ = {
			isa = PBXGroup;
			children = (
				A875C2872C915DA500600506 /* Researcher.app */,
			);
			name = Products;
			sourceTree = "<group>";
		};
		A875C2892C915DA500600506 /* Researcher */ = {
			isa = PBXGroup;
			children = (
				A875C2AC2C919E3C00600506 /* Model */,
				A875C2B62C919EAF00600506 /* Views */,
				A875C2B32C919E8800600506 /* ViewModel */,
				A875C2C42C919F8900600506 /* Utilities */,
				A875C2BF2C919F3A00600506 /* Services */,
				A875C28A2C915DA500600506 /* AppDelegate.swift */,
				A875C28C2C915DA500600506 /* SceneDelegate.swift */,
				A875C2902C915DA500600506 /* Main.storyboard */,
				A875C2932C915DA800600506 /* Assets.xcassets */,
				A875C2952C915DA800600506 /* LaunchScreen.storyboard */,
				A875C2982C915DA800600506 /* Info.plist */,
			);
			path = Researcher;
			sourceTree = "<group>";
		};
		A875C2AC2C919E3C00600506 /* Model */ = {
			isa = PBXGroup;
			children = (
				A875C2AD2C919E5300600506 /* MediaItem.swift */,
				A875C2AF2C919E6900600506 /* User.swift */,
				A875C2B12C919E7900600506 /* URLs.swift */,
			);
			path = Model;
			sourceTree = "<group>";
		};
		A875C2B32C919E8800600506 /* ViewModel */ = {
			isa = PBXGroup;
			children = (
				A875C2B42C919E9700600506 /* DetailViewModel.swift */,
			);
			path = ViewModel;
			sourceTree = "<group>";
		};
		A875C2B62C919EAF00600506 /* Views */ = {
			isa = PBXGroup;
			children = (
				A875C2B72C919EB800600506 /* DetailViewController.swift */,
				A875C2B92C919EDC00600506 /* SearchViewController.swift */,
				A875C2BB2C919EF900600506 /* PhotoCell.swift */,
				A875C2BD2C919F2A00600506 /* SearchResultCell.swift */,
			);
			path = Views;
			sourceTree = "<group>";
		};
		A875C2BF2C919F3A00600506 /* Services */ = {
			isa = PBXGroup;
			children = (
				A875C2C02C919F5A00600506 /* NetworkManager.swift */,
			);
			path = Services;
			sourceTree = "<group>";
		};
		A875C2C42C919F8900600506 /* Utilities */ = {
			isa = PBXGroup;
			children = (
				A875C2C52C919F9100600506 /* Extensions.swift */,
			);
			path = Utilities;
			sourceTree = "<group>";
		};
/* End PBXGroup section */

/* Begin PBXNativeTarget section */
		A875C2862C915DA500600506 /* Researcher */ = {
			isa = PBXNativeTarget;
			buildConfigurationList = A875C29B2C915DA800600506 /* Build configuration list for PBXNativeTarget "Researcher" */;
			buildPhases = (
				A875C2832C915DA500600506 /* Sources */,
				A875C2842C915DA500600506 /* Frameworks */,
				A875C2852C915DA500600506 /* Resources */,
			);
			buildRules = (
			);
			dependencies = (
			);
			name = Researcher;
			productName = Researcher;
			productReference = A875C2872C915DA500600506 /* Researcher.app */;
			productType = "com.apple.product-type.application";
		};
/* End PBXNativeTarget section */

/* Begin PBXProject section */
		A875C27F2C915DA500600506 /* Project object */ = {
			isa = PBXProject;
			attributes = {
				BuildIndependentTargetsInParallel = 1;
				LastSwiftUpdateCheck = 1540;
				LastUpgradeCheck = 1540;
				TargetAttributes = {
					A875C2862C915DA500600506 = {
						CreatedOnToolsVersion = 15.4;
					};
				};
			};
			buildConfigurationList = A875C2822C915DA500600506 /* Build configuration list for PBXProject "Researcher" */;
			compatibilityVersion = "Xcode 14.0";
			developmentRegion = en;
			hasScannedForEncodings = 0;
			knownRegions = (
				en,
				Base,
			);
			mainGroup = A875C27E2C915DA500600506;
			productRefGroup = A875C2882C915DA500600506 /* Products */;
			projectDirPath = "";
			projectRoot = "";
			targets = (
				A875C2862C915DA500600506 /* Researcher */,
			);
		};
/* End PBXProject section */

/* Begin PBXResourcesBuildPhase section */
		A875C2852C915DA500600506 /* Resources */ = {
			isa = PBXResourcesBuildPhase;
			buildActionMask = 2147483647;
			files = (
				A875C2942C915DA800600506 /* Assets.xcassets in Resources */,
				A875C2972C915DA800600506 /* Base in Resources */,
				A875C2922C915DA500600506 /* Base in Resources */,
			);
			runOnlyForDeploymentPostprocessing = 0;
		};
/* End PBXResourcesBuildPhase section */

/* Begin PBXSourcesBuildPhase section */
		A875C2832C915DA500600506 /* Sources */ = {
			isa = PBXSourcesBuildPhase;
			buildActionMask = 2147483647;
			files = (
				A875C2BC2C919EF900600506 /* PhotoCell.swift in Sources */,
				A875C2AE2C919E5300600506 /* MediaItem.swift in Sources */,
				A875C2C12C919F5A00600506 /* NetworkManager.swift in Sources */,
				A875C2BE2C919F2A00600506 /* SearchResultCell.swift in Sources */,
				A875C2B82C919EB800600506 /* DetailViewController.swift in Sources */,
				A875C28B2C915DA500600506 /* AppDelegate.swift in Sources */,
				A875C2B22C919E7900600506 /* URLs.swift in Sources */,
				A875C2B02C919E6900600506 /* User.swift in Sources */,
				A875C2BA2C919EDC00600506 /* SearchViewController.swift in Sources */,
				A875C28D2C915DA500600506 /* SceneDelegate.swift in Sources */,
				A875C2C62C919F9100600506 /* Extensions.swift in Sources */,
				A875C2B52C919E9700600506 /* DetailViewModel.swift in Sources */,
			);
			runOnlyForDeploymentPostprocessing = 0;
		};
/* End PBXSourcesBuildPhase section */

/* Begin PBXVariantGroup section */
		A875C2902C915DA500600506 /* Main.storyboard */ = {
			isa = PBXVariantGroup;
			children = (
				A875C2912C915DA500600506 /* Base */,
			);
			name = Main.storyboard;
			sourceTree = "<group>";
		};
		A875C2952C915DA800600506 /* LaunchScreen.storyboard */ = {
			isa = PBXVariantGroup;
			children = (
				A875C2962C915DA800600506 /* Base */,
			);
			name = LaunchScreen.storyboard;
			sourceTree = "<group>";
		};
/* End PBXVariantGroup section */

/* Begin XCBuildConfiguration section */
		A875C2992C915DA800600506 /* Debug */ = {
			isa = XCBuildConfiguration;
			buildSettings = {
				ALWAYS_SEARCH_USER_PATHS = NO;
				ASSETCATALOG_COMPILER_GENERATE_SWIFT_ASSET_SYMBOL_EXTENSIONS = YES;
				CLANG_ANALYZER_NONNULL = YES;
				CLANG_ANALYZER_NUMBER_OBJECT_CONVERSION = YES_AGGRESSIVE;
				CLANG_CXX_LANGUAGE_STANDARD = "gnu++20";
				CLANG_ENABLE_MODULES = YES;
				CLANG_ENABLE_OBJC_ARC = YES;
				CLANG_ENABLE_OBJC_WEAK = YES;
				CLANG_WARN_BLOCK_CAPTURE_AUTORELEASING = YES;
				CLANG_WARN_BOOL_CONVERSION = YES;
				CLANG_WARN_COMMA = YES;
				CLANG_WARN_CONSTANT_CONVERSION = YES;
				CLANG_WARN_DEPRECATED_OBJC_IMPLEMENTATIONS = YES;
				CLANG_WARN_DIRECT_OBJC_ISA_USAGE = YES_ERROR;
				CLANG_WARN_DOCUMENTATION_COMMENTS = YES;
				CLANG_WARN_EMPTY_BODY = YES;
				CLANG_WARN_ENUM_CONVERSION = YES;
				CLANG_WARN_INFINITE_RECURSION = YES;
				CLANG_WARN_INT_CONVERSION = YES;
				CLANG_WARN_NON_LITERAL_NULL_CONVERSION = YES;
				CLANG_WARN_OBJC_IMPLICIT_RETAIN_SELF = YES;
				CLANG_WARN_OBJC_LITERAL_CONVERSION = YES;
				CLANG_WARN_OBJC_ROOT_CLASS = YES_ERROR;
				CLANG_WARN_QUOTED_INCLUDE_IN_FRAMEWORK_HEADER = YES;
				CLANG_WARN_RANGE_LOOP_ANALYSIS = YES;
				CLANG_WARN_STRICT_PROTOTYPES = YES;
				CLANG_WARN_SUSPICIOUS_MOVE = YES;
				CLANG_WARN_UNGUARDED_AVAILABILITY = YES_AGGRESSIVE;
				CLANG_WARN_UNREACHABLE_CODE = YES;
				CLANG_WARN__DUPLICATE_METHOD_MATCH = YES;
				COPY_PHASE_STRIP = NO;
				DEBUG_INFORMATION_FORMAT = dwarf;
				ENABLE_STRICT_OBJC_MSGSEND = YES;
				ENABLE_TESTABILITY = YES;
				ENABLE_USER_SCRIPT_SANDBOXING = YES;
				GCC_C_LANGUAGE_STANDARD = gnu17;
				GCC_DYNAMIC_NO_PIC = NO;
				GCC_NO_COMMON_BLOCKS = YES;
				GCC_OPTIMIZATION_LEVEL = 0;
				GCC_PREPROCESSOR_DEFINITIONS = (
					"DEBUG=1",
					"$(inherited)",
				);
				GCC_WARN_64_TO_32_BIT_CONVERSION = YES;
				GCC_WARN_ABOUT_RETURN_TYPE = YES_ERROR;
				GCC_WARN_UNDECLARED_SELECTOR = YES;
				GCC_WARN_UNINITIALIZED_AUTOS = YES_AGGRESSIVE;
				GCC_WARN_UNUSED_FUNCTION = YES;
				GCC_WARN_UNUSED_VARIABLE = YES;
				IPHONEOS_DEPLOYMENT_TARGET = 17.5;
				LOCALIZATION_PREFERS_STRING_CATALOGS = YES;
				MTL_ENABLE_DEBUG_INFO = INCLUDE_SOURCE;
				MTL_FAST_MATH = YES;
				ONLY_ACTIVE_ARCH = YES;
				SDKROOT = iphoneos;
				SWIFT_ACTIVE_COMPILATION_CONDITIONS = "DEBUG $(inherited)";
				SWIFT_OPTIMIZATION_LEVEL = "-Onone";
			};
			name = Debug;
		};
		A875C29A2C915DA800600506 /* Release */ = {
			isa = XCBuildConfiguration;
			buildSettings = {
				ALWAYS_SEARCH_USER_PATHS = NO;
				ASSETCATALOG_COMPILER_GENERATE_SWIFT_ASSET_SYMBOL_EXTENSIONS = YES;
				CLANG_ANALYZER_NONNULL = YES;
				CLANG_ANALYZER_NUMBER_OBJECT_CONVERSION = YES_AGGRESSIVE;
				CLANG_CXX_LANGUAGE_STANDARD = "gnu++20";
				CLANG_ENABLE_MODULES = YES;
				CLANG_ENABLE_OBJC_ARC = YES;
				CLANG_ENABLE_OBJC_WEAK = YES;
				CLANG_WARN_BLOCK_CAPTURE_AUTORELEASING = YES;
				CLANG_WARN_BOOL_CONVERSION = YES;
				CLANG_WARN_COMMA = YES;
				CLANG_WARN_CONSTANT_CONVERSION = YES;
				CLANG_WARN_DEPRECATED_OBJC_IMPLEMENTATIONS = YES;
				CLANG_WARN_DIRECT_OBJC_ISA_USAGE = YES_ERROR;
				CLANG_WARN_DOCUMENTATION_COMMENTS = YES;
				CLANG_WARN_EMPTY_BODY = YES;
				CLANG_WARN_ENUM_CONVERSION = YES;
				CLANG_WARN_INFINITE_RECURSION = YES;
				CLANG_WARN_INT_CONVERSION = YES;
				CLANG_WARN_NON_LITERAL_NULL_CONVERSION = YES;
				CLANG_WARN_OBJC_IMPLICIT_RETAIN_SELF = YES;
				CLANG_WARN_OBJC_LITERAL_CONVERSION = YES;
				CLANG_WARN_OBJC_ROOT_CLASS = YES_ERROR;
				CLANG_WARN_QUOTED_INCLUDE_IN_FRAMEWORK_HEADER = YES;
				CLANG_WARN_RANGE_LOOP_ANALYSIS = YES;
				CLANG_WARN_STRICT_PROTOTYPES = YES;
				CLANG_WARN_SUSPICIOUS_MOVE = YES;
				CLANG_WARN_UNGUARDED_AVAILABILITY = YES_AGGRESSIVE;
				CLANG_WARN_UNREACHABLE_CODE = YES;
				CLANG_WARN__DUPLICATE_METHOD_MATCH = YES;
				COPY_PHASE_STRIP = NO;
				DEBUG_INFORMATION_FORMAT = "dwarf-with-dsym";
				ENABLE_NS_ASSERTIONS = NO;
				ENABLE_STRICT_OBJC_MSGSEND = YES;
				ENABLE_USER_SCRIPT_SANDBOXING = YES;
				GCC_C_LANGUAGE_STANDARD = gnu17;
				GCC_NO_COMMON_BLOCKS = YES;
				GCC_WARN_64_TO_32_BIT_CONVERSION = YES;
				GCC_WARN_ABOUT_RETURN_TYPE = YES_ERROR;
				GCC_WARN_UNDECLARED_SELECTOR = YES;
				GCC_WARN_UNINITIALIZED_AUTOS = YES_AGGRESSIVE;
				GCC_WARN_UNUSED_FUNCTION = YES;
				GCC_WARN_UNUSED_VARIABLE = YES;
				IPHONEOS_DEPLOYMENT_TARGET = 17.5;
				LOCALIZATION_PREFERS_STRING_CATALOGS = YES;
				MTL_ENABLE_DEBUG_INFO = NO;
				MTL_FAST_MATH = YES;
				SDKROOT = iphoneos;
				SWIFT_COMPILATION_MODE = wholemodule;
				VALIDATE_PRODUCT = YES;
			};
			name = Release;
		};
		A875C29C2C915DA800600506 /* Debug */ = {
			isa = XCBuildConfiguration;
			buildSettings = {
				ASSETCATALOG_COMPILER_APPICON_NAME = AppIcon;
				ASSETCATALOG_COMPILER_GLOBAL_ACCENT_COLOR_NAME = AccentColor;
				CODE_SIGN_STYLE = Automatic;
				CURRENT_PROJECT_VERSION = 1;
				DEVELOPMENT_TEAM = FK4VB24PPQ;
				GENERATE_INFOPLIST_FILE = YES;
				INFOPLIST_FILE = Researcher/Info.plist;
				INFOPLIST_KEY_UIApplicationSupportsIndirectInputEvents = YES;
				INFOPLIST_KEY_UILaunchStoryboardName = LaunchScreen;
				INFOPLIST_KEY_UIMainStoryboardFile = Main;
				INFOPLIST_KEY_UISupportedInterfaceOrientations_iPad = "UIInterfaceOrientationPortrait UIInterfaceOrientationPortraitUpsideDown UIInterfaceOrientationLandscapeLeft UIInterfaceOrientationLandscapeRight";
				INFOPLIST_KEY_UISupportedInterfaceOrientations_iPhone = "UIInterfaceOrientationPortrait UIInterfaceOrientationLandscapeLeft UIInterfaceOrientationLandscapeRight";
				LD_RUNPATH_SEARCH_PATHS = (
					"$(inherited)",
					"@executable_path/Frameworks",
				);
				MARKETING_VERSION = 1.0;
				PRODUCT_BUNDLE_IDENTIFIER = ghghg.Researcher;
				PRODUCT_NAME = "$(TARGET_NAME)";
				SUPPORTED_PLATFORMS = "iphoneos iphonesimulator";
				SUPPORTS_MACCATALYST = NO;
				SUPPORTS_MAC_DESIGNED_FOR_IPHONE_IPAD = NO;
				SUPPORTS_XR_DESIGNED_FOR_IPHONE_IPAD = NO;
				SWIFT_EMIT_LOC_STRINGS = YES;
				SWIFT_VERSION = 5.0;
				TARGETED_DEVICE_FAMILY = 1;
			};
			name = Debug;
		};
		A875C29D2C915DA800600506 /* Release */ = {
			isa = XCBuildConfiguration;
			buildSettings = {
				ASSETCATALOG_COMPILER_APPICON_NAME = AppIcon;
				ASSETCATALOG_COMPILER_GLOBAL_ACCENT_COLOR_NAME = AccentColor;
				CODE_SIGN_STYLE = Automatic;
				CURRENT_PROJECT_VERSION = 1;
				DEVELOPMENT_TEAM = FK4VB24PPQ;
				GENERATE_INFOPLIST_FILE = YES;
				INFOPLIST_FILE = Researcher/Info.plist;
				INFOPLIST_KEY_UIApplicationSupportsIndirectInputEvents = YES;
				INFOPLIST_KEY_UILaunchStoryboardName = LaunchScreen;
				INFOPLIST_KEY_UIMainStoryboardFile = Main;
				INFOPLIST_KEY_UISupportedInterfaceOrientations_iPad = "UIInterfaceOrientationPortrait UIInterfaceOrientationPortraitUpsideDown UIInterfaceOrientationLandscapeLeft UIInterfaceOrientationLandscapeRight";
				INFOPLIST_KEY_UISupportedInterfaceOrientations_iPhone = "UIInterfaceOrientationPortrait UIInterfaceOrientationLandscapeLeft UIInterfaceOrientationLandscapeRight";
				LD_RUNPATH_SEARCH_PATHS = (
					"$(inherited)",
					"@executable_path/Frameworks",
				);
				MARKETING_VERSION = 1.0;
				PRODUCT_BUNDLE_IDENTIFIER = ghghg.Researcher;
				PRODUCT_NAME = "$(TARGET_NAME)";
				SUPPORTED_PLATFORMS = "iphoneos iphonesimulator";
				SUPPORTS_MACCATALYST = NO;
				SUPPORTS_MAC_DESIGNED_FOR_IPHONE_IPAD = NO;
				SUPPORTS_XR_DESIGNED_FOR_IPHONE_IPAD = NO;
				SWIFT_EMIT_LOC_STRINGS = YES;
				SWIFT_VERSION = 5.0;
				TARGETED_DEVICE_FAMILY = 1;
			};
			name = Release;
		};
/* End XCBuildConfiguration section */

/* Begin XCConfigurationList section */
		A875C2822C915DA500600506 /* Build configuration list for PBXProject "Researcher" */ = {
			isa = XCConfigurationList;
			buildConfigurations = (
				A875C2992C915DA800600506 /* Debug */,
				A875C29A2C915DA800600506 /* Release */,
			);
			defaultConfigurationIsVisible = 0;
			defaultConfigurationName = Release;
		};
		A875C29B2C915DA800600506 /* Build configuration list for PBXNativeTarget "Researcher" */ = {
			isa = XCConfigurationList;
			buildConfigurations = (
				A875C29C2C915DA800600506 /* Debug */,
				A875C29D2C915DA800600506 /* Release */,
			);
			defaultConfigurationIsVisible = 0;
			defaultConfigurationName = Release;
		};
/* End XCConfigurationList section */
	};
	rootObject = A875C27F2C915DA500600506 /* Project object */;
}
